// !$*UTF8*$!
{
	archiveVersion = 1;
	classes = {
	};
	objectVersion = 77;
	objects = {

/* Begin PBXBuildFile section */
		6FF6299C2EA5A995006404A7 /* LanguageMirrorShare.appex in Embed Foundation Extensions */ = {isa = PBXBuildFile; fileRef = 6FF629912EA5A995006404A7 /* LanguageMirrorShare.appex */; settings = {ATTRIBUTES = (RemoveHeadersOnCopy, ); }; };
/* End PBXBuildFile section */

/* Begin PBXContainerItemProxy section */
		6FAB0EC52E1067B300D3B9C4 /* PBXContainerItemProxy */ = {
			isa = PBXContainerItemProxy;
			containerPortal = 6FAB0EA32E1067B100D3B9C4 /* Project object */;
			proxyType = 1;
			remoteGlobalIDString = 6FAB0EAA2E1067B100D3B9C4;
			remoteInfo = LanguageMirror;
		};
		6FAB0ECF2E1067B300D3B9C4 /* PBXContainerItemProxy */ = {
			isa = PBXContainerItemProxy;
			containerPortal = 6FAB0EA32E1067B100D3B9C4 /* Project object */;
			proxyType = 1;
			remoteGlobalIDString = 6FAB0EAA2E1067B100D3B9C4;
			remoteInfo = LanguageMirror;
		};
		6FF629992EA5A995006404A7 /* PBXContainerItemProxy */ = {
			isa = PBXContainerItemProxy;
			containerPortal = 6FAB0EA32E1067B100D3B9C4 /* Project object */;
			proxyType = 1;
			remoteGlobalIDString = 6FF629902EA5A995006404A7;
			remoteInfo = LanguageMirrorShare;
		};
/* End PBXContainerItemProxy section */

/* Begin PBXCopyFilesBuildPhase section */
		6FF6299B2EA5A995006404A7 /* Embed Foundation Extensions */ = {
			isa = PBXCopyFilesBuildPhase;
			buildActionMask = 2147483647;
			dstPath = "";
			dstSubfolderSpec = 13;
			files = (
				6FF6299C2EA5A995006404A7 /* LanguageMirrorShare.appex in Embed Foundation Extensions */,
			);
			name = "Embed Foundation Extensions";
			runOnlyForDeploymentPostprocessing = 0;
		};
/* End PBXCopyFilesBuildPhase section */

/* Begin PBXFileReference section */
		6FAB0EAB2E1067B100D3B9C4 /* LanguageMirror.app */ = {isa = PBXFileReference; explicitFileType = wrapper.application; includeInIndex = 0; path = LanguageMirror.app; sourceTree = BUILT_PRODUCTS_DIR; };
		6FAB0EC42E1067B300D3B9C4 /* LanguageMirrorTests.xctest */ = {isa = PBXFileReference; explicitFileType = wrapper.cfbundle; includeInIndex = 0; path = LanguageMirrorTests.xctest; sourceTree = BUILT_PRODUCTS_DIR; };
		6FAB0ECE2E1067B300D3B9C4 /* LanguageMirrorUITests.xctest */ = {isa = PBXFileReference; explicitFileType = wrapper.cfbundle; includeInIndex = 0; path = LanguageMirrorUITests.xctest; sourceTree = BUILT_PRODUCTS_DIR; };
		6FF629912EA5A995006404A7 /* LanguageMirrorShare.appex */ = {isa = PBXFileReference; explicitFileType = "wrapper.app-extension"; includeInIndex = 0; path = LanguageMirrorShare.appex; sourceTree = BUILT_PRODUCTS_DIR; };
/* End PBXFileReference section */

/* Begin PBXFileSystemSynchronizedBuildFileExceptionSet section */
		6F137C932E7C4D67007D0F0E /* Exceptions for "LanguageMirror" folder in "LanguageMirrorTests" target */ = {
			isa = PBXFileSystemSynchronizedBuildFileExceptionSet;
			membershipExceptions = (
				"2025-09-13/Resources/library_seed.json",
			);
			target = 6FAB0EC32E1067B300D3B9C4 /* LanguageMirrorTests */;
		};
		6FAB0F012E106B1000D3B9C4 /* Exceptions for "LanguageMirror" folder in "LanguageMirror" target */ = {
			isa = PBXFileSystemSynchronizedBuildFileExceptionSet;
			membershipExceptions = (
				"2025-09-13/Resources/library_seed.json",
				"2025-09-13/ShareExtension/Info.plist",
				"2025-09-13/ShareExtension/ShareViewController.swift",
				Info.plist,
				Resources/data_2.json,
				"Utilities/audio-recorder-viewmodel.swift",
				Utilities/AudioFileUtilities.swift,
				Utilities/AudioRecorderManager.swift,
				Utilities/SlicePlayer.swift,
				ViewControllers/ArrangementListViewController.swift,
				ViewControllers/CollectionListViewContoller.swift,
				ViewControllers/DownloadFromUrl/DownloadFromURLViewController_Mockup.md,
				ViewControllers/DownloadFromUrl/DownloadFromURLViewController_Setup_Guide.md,
				ViewControllers/DownloadFromUrl/SiivDownloadFromURLDelegate.swift,
				ViewControllers/DownloadFromUrl/SiivDownloadFromURLViewController.swift,
				ViewControllers/DownloadFromUrl/SiivRecentDownloadCell.swift,
				ViewControllers/DownloadFromUrl/SiivRecentDownloadCell.xib,
				ViewControllers/GroupedTrackViewController.swift,
				ViewControllers/OldTrackViewController.swift,
				ViewControllers/Recording/AudioRecorderViewController_Mockup.md,
				ViewControllers/Recording/AudioRecorderViewController_Setup_Guide.md,
				ViewControllers/Recording/DeprecatedAudioRecorderViewController.swift,
				ViewControllers/Recording/SiivAudioRecorderDelegate.swift,
				ViewControllers/Recording/SiivAudioRecorderViewController.swift,
				ViewControllers/Recording/SiivRecordingCell.swift,
				ViewControllers/Recording/WaveformView.swift,
				ViewControllers/SliceListViewController.swift,
				ViewControllers/StudyPlayerViewController.swift,
			);
			target = 6FAB0EAA2E1067B100D3B9C4 /* LanguageMirror */;
		};
		6FF629A32EA5AA43006404A7 /* Exceptions for "LanguageMirror" folder in "LanguageMirrorShare" target */ = {
			isa = PBXFileSystemSynchronizedBuildFileExceptionSet;
			membershipExceptions = (
				"2025-09-13/SharedImport/SharedImportManager.swift",
				"2025-09-13/SharedImport/SharedImportModels.swift",
				"2025-09-13/ShareExtension/ShareViewController.swift",
			);
			target = 6FF629902EA5A995006404A7 /* LanguageMirrorShare */;
		};
/* End PBXFileSystemSynchronizedBuildFileExceptionSet section */

/* Begin PBXFileSystemSynchronizedGroupBuildPhaseMembershipExceptionSet section */
		6F137C982E7C4D8D007D0F0E /* Exceptions for "LanguageMirror" folder in "Compile Sources" phase from "LanguageMirrorTests" target */ = {
			isa = PBXFileSystemSynchronizedGroupBuildPhaseMembershipExceptionSet;
			buildPhase = 6FAB0EC02E1067B300D3B9C4 /* Sources */;
			membershipExceptions = (
				"2025-09-13/Resources/sample_bundle.json",
			);
		};
		6FAB0FFE2E10E06E00D3B9C4 /* Exceptions for "LanguageMirror" folder in "Compile Sources" phase from "LanguageMirror" target */ = {
			isa = PBXFileSystemSynchronizedGroupBuildPhaseMembershipExceptionSet;
			buildPhase = 6FAB0EA72E1067B100D3B9C4 /* Sources */;
			membershipExceptions = (
				"2025-09-13/Resources/library_seed.json",
				"2025-09-13/Resources/sample_bundle.json",
				Resources/data_2.json,
			);
		};
/* End PBXFileSystemSynchronizedGroupBuildPhaseMembershipExceptionSet section */

/* Begin PBXFileSystemSynchronizedRootGroup section */
		6FAB0EAD2E1067B100D3B9C4 /* LanguageMirror */ = {
			isa = PBXFileSystemSynchronizedRootGroup;
			exceptions = (
				6FAB0F012E106B1000D3B9C4 /* Exceptions for "LanguageMirror" folder in "LanguageMirror" target */,
				6FAB0FFE2E10E06E00D3B9C4 /* Exceptions for "LanguageMirror" folder in "Compile Sources" phase from "LanguageMirror" target */,
				6F137C932E7C4D67007D0F0E /* Exceptions for "LanguageMirror" folder in "LanguageMirrorTests" target */,
				6F137C982E7C4D8D007D0F0E /* Exceptions for "LanguageMirror" folder in "Compile Sources" phase from "LanguageMirrorTests" target */,
				6FF629A32EA5AA43006404A7 /* Exceptions for "LanguageMirror" folder in "LanguageMirrorShare" target */,
			);
			path = LanguageMirror;
			sourceTree = "<group>";
		};
		6FAB0EC72E1067B300D3B9C4 /* LanguageMirrorTests */ = {
			isa = PBXFileSystemSynchronizedRootGroup;
			path = LanguageMirrorTests;
			sourceTree = "<group>";
		};
		6FAB0ED12E1067B300D3B9C4 /* LanguageMirrorUITests */ = {
			isa = PBXFileSystemSynchronizedRootGroup;
			path = LanguageMirrorUITests;
			sourceTree = "<group>";
		};
		6FF629922EA5A995006404A7 /* LanguageMirrorShare */ = {
			isa = PBXFileSystemSynchronizedRootGroup;
			path = LanguageMirrorShare;
			sourceTree = "<group>";
		};
/* End PBXFileSystemSynchronizedRootGroup section */

/* Begin PBXFrameworksBuildPhase section */
		6FAB0EA82E1067B100D3B9C4 /* Frameworks */ = {
			isa = PBXFrameworksBuildPhase;
			buildActionMask = 2147483647;
			files = (
			);
			runOnlyForDeploymentPostprocessing = 0;
		};
		6FAB0EC12E1067B300D3B9C4 /* Frameworks */ = {
			isa = PBXFrameworksBuildPhase;
			buildActionMask = 2147483647;
			files = (
			);
			runOnlyForDeploymentPostprocessing = 0;
		};
		6FAB0ECB2E1067B300D3B9C4 /* Frameworks */ = {
			isa = PBXFrameworksBuildPhase;
			buildActionMask = 2147483647;
			files = (
			);
			runOnlyForDeploymentPostprocessing = 0;
		};
		6FF6298E2EA5A995006404A7 /* Frameworks */ = {
			isa = PBXFrameworksBuildPhase;
			buildActionMask = 2147483647;
			files = (
			);
			runOnlyForDeploymentPostprocessing = 0;
		};
/* End PBXFrameworksBuildPhase section */

/* Begin PBXGroup section */
		6FAB0EA22E1067B100D3B9C4 = {
			isa = PBXGroup;
			children = (
				6FAB0EAD2E1067B100D3B9C4 /* LanguageMirror */,
				6FAB0EC72E1067B300D3B9C4 /* LanguageMirrorTests */,
				6FAB0ED12E1067B300D3B9C4 /* LanguageMirrorUITests */,
				6FF629922EA5A995006404A7 /* LanguageMirrorShare */,
				6FAB0EAC2E1067B100D3B9C4 /* Products */,
			);
			sourceTree = "<group>";
		};
		6FAB0EAC2E1067B100D3B9C4 /* Products */ = {
			isa = PBXGroup;
			children = (
				6FAB0EAB2E1067B100D3B9C4 /* LanguageMirror.app */,
				6FAB0EC42E1067B300D3B9C4 /* LanguageMirrorTests.xctest */,
				6FAB0ECE2E1067B300D3B9C4 /* LanguageMirrorUITests.xctest */,
				6FF629912EA5A995006404A7 /* LanguageMirrorShare.appex */,
			);
			name = Products;
			sourceTree = "<group>";
		};
/* End PBXGroup section */

/* Begin PBXNativeTarget section */
		6FAB0EAA2E1067B100D3B9C4 /* LanguageMirror */ = {
			isa = PBXNativeTarget;
			buildConfigurationList = 6FAB0ED72E1067B300D3B9C4 /* Build configuration list for PBXNativeTarget "LanguageMirror" */;
			buildPhases = (
				6FAB0EA72E1067B100D3B9C4 /* Sources */,
				6FAB0EA82E1067B100D3B9C4 /* Frameworks */,
				6FAB0EA92E1067B100D3B9C4 /* Resources */,
				6FF6299B2EA5A995006404A7 /* Embed Foundation Extensions */,
			);
			buildRules = (
			);
			dependencies = (
				6FF6299A2EA5A995006404A7 /* PBXTargetDependency */,
			);
			fileSystemSynchronizedGroups = (
				6FAB0EAD2E1067B100D3B9C4 /* LanguageMirror */,
			);
			name = LanguageMirror;
			packageProductDependencies = (
			);
			productName = LanguageMirror;
			productReference = 6FAB0EAB2E1067B100D3B9C4 /* LanguageMirror.app */;
			productType = "com.apple.product-type.application";
		};
		6FAB0EC32E1067B300D3B9C4 /* LanguageMirrorTests */ = {
			isa = PBXNativeTarget;
			buildConfigurationList = 6FAB0EDC2E1067B300D3B9C4 /* Build configuration list for PBXNativeTarget "LanguageMirrorTests" */;
			buildPhases = (
				6FAB0EC02E1067B300D3B9C4 /* Sources */,
				6FAB0EC12E1067B300D3B9C4 /* Frameworks */,
				6FAB0EC22E1067B300D3B9C4 /* Resources */,
			);
			buildRules = (
			);
			dependencies = (
				6FAB0EC62E1067B300D3B9C4 /* PBXTargetDependency */,
			);
			fileSystemSynchronizedGroups = (
				6FAB0EC72E1067B300D3B9C4 /* LanguageMirrorTests */,
			);
			name = LanguageMirrorTests;
			packageProductDependencies = (
			);
			productName = LanguageMirrorTests;
			productReference = 6FAB0EC42E1067B300D3B9C4 /* LanguageMirrorTests.xctest */;
			productType = "com.apple.product-type.bundle.unit-test";
		};
		6FAB0ECD2E1067B300D3B9C4 /* LanguageMirrorUITests */ = {
			isa = PBXNativeTarget;
			buildConfigurationList = 6FAB0EDF2E1067B300D3B9C4 /* Build configuration list for PBXNativeTarget "LanguageMirrorUITests" */;
			buildPhases = (
				6FAB0ECA2E1067B300D3B9C4 /* Sources */,
				6FAB0ECB2E1067B300D3B9C4 /* Frameworks */,
				6FAB0ECC2E1067B300D3B9C4 /* Resources */,
			);
			buildRules = (
			);
			dependencies = (
				6FAB0ED02E1067B300D3B9C4 /* PBXTargetDependency */,
			);
			fileSystemSynchronizedGroups = (
				6FAB0ED12E1067B300D3B9C4 /* LanguageMirrorUITests */,
			);
			name = LanguageMirrorUITests;
			packageProductDependencies = (
			);
			productName = LanguageMirrorUITests;
			productReference = 6FAB0ECE2E1067B300D3B9C4 /* LanguageMirrorUITests.xctest */;
			productType = "com.apple.product-type.bundle.ui-testing";
		};
		6FF629902EA5A995006404A7 /* LanguageMirrorShare */ = {
			isa = PBXNativeTarget;
			buildConfigurationList = 6FF6299D2EA5A995006404A7 /* Build configuration list for PBXNativeTarget "LanguageMirrorShare" */;
			buildPhases = (
				6FF6298D2EA5A995006404A7 /* Sources */,
				6FF6298E2EA5A995006404A7 /* Frameworks */,
				6FF6298F2EA5A995006404A7 /* Resources */,
			);
			buildRules = (
			);
			dependencies = (
			);
			fileSystemSynchronizedGroups = (
				6FF629922EA5A995006404A7 /* LanguageMirrorShare */,
			);
			name = LanguageMirrorShare;
			packageProductDependencies = (
			);
			productName = LanguageMirrorShare;
			productReference = 6FF629912EA5A995006404A7 /* LanguageMirrorShare.appex */;
			productType = "com.apple.product-type.app-extension";
		};
/* End PBXNativeTarget section */

/* Begin PBXProject section */
		6FAB0EA32E1067B100D3B9C4 /* Project object */ = {
			isa = PBXProject;
			attributes = {
				BuildIndependentTargetsInParallel = 1;
				LastSwiftUpdateCheck = 2600;
				LastUpgradeCheck = 2600;
				TargetAttributes = {
					6FAB0EAA2E1067B100D3B9C4 = {
						CreatedOnToolsVersion = 16.4;
					};
					6FAB0EC32E1067B300D3B9C4 = {
						CreatedOnToolsVersion = 16.4;
						TestTargetID = 6FAB0EAA2E1067B100D3B9C4;
					};
					6FAB0ECD2E1067B300D3B9C4 = {
						CreatedOnToolsVersion = 16.4;
						TestTargetID = 6FAB0EAA2E1067B100D3B9C4;
					};
					6FF629902EA5A995006404A7 = {
						CreatedOnToolsVersion = 26.0.1;
					};
				};
			};
			buildConfigurationList = 6FAB0EA62E1067B100D3B9C4 /* Build configuration list for PBXProject "LanguageMirror" */;
			developmentRegion = en;
			hasScannedForEncodings = 0;
			knownRegions = (
				en,
				Base,
			);
			mainGroup = 6FAB0EA22E1067B100D3B9C4;
			minimizedProjectReferenceProxies = 1;
			preferredProjectObjectVersion = 77;
			productRefGroup = 6FAB0EAC2E1067B100D3B9C4 /* Products */;
			projectDirPath = "";
			projectRoot = "";
			targets = (
				6FAB0EAA2E1067B100D3B9C4 /* LanguageMirror */,
				6FAB0EC32E1067B300D3B9C4 /* LanguageMirrorTests */,
				6FAB0ECD2E1067B300D3B9C4 /* LanguageMirrorUITests */,
				6FF629902EA5A995006404A7 /* LanguageMirrorShare */,
			);
		};
/* End PBXProject section */

/* Begin PBXResourcesBuildPhase section */
		6FAB0EA92E1067B100D3B9C4 /* Resources */ = {
			isa = PBXResourcesBuildPhase;
			buildActionMask = 2147483647;
			files = (
			);
			runOnlyForDeploymentPostprocessing = 0;
		};
		6FAB0EC22E1067B300D3B9C4 /* Resources */ = {
			isa = PBXResourcesBuildPhase;
			buildActionMask = 2147483647;
			files = (
			);
			runOnlyForDeploymentPostprocessing = 0;
		};
		6FAB0ECC2E1067B300D3B9C4 /* Resources */ = {
			isa = PBXResourcesBuildPhase;
			buildActionMask = 2147483647;
			files = (
			);
			runOnlyForDeploymentPostprocessing = 0;
		};
		6FF6298F2EA5A995006404A7 /* Resources */ = {
			isa = PBXResourcesBuildPhase;
			buildActionMask = 2147483647;
			files = (
			);
			runOnlyForDeploymentPostprocessing = 0;
		};
/* End PBXResourcesBuildPhase section */

/* Begin PBXSourcesBuildPhase section */
		6FAB0EA72E1067B100D3B9C4 /* Sources */ = {
			isa = PBXSourcesBuildPhase;
			buildActionMask = 2147483647;
			files = (
			);
			runOnlyForDeploymentPostprocessing = 0;
		};
		6FAB0EC02E1067B300D3B9C4 /* Sources */ = {
			isa = PBXSourcesBuildPhase;
			buildActionMask = 2147483647;
			files = (
			);
			runOnlyForDeploymentPostprocessing = 0;
		};
		6FAB0ECA2E1067B300D3B9C4 /* Sources */ = {
			isa = PBXSourcesBuildPhase;
			buildActionMask = 2147483647;
			files = (
			);
			runOnlyForDeploymentPostprocessing = 0;
		};
		6FF6298D2EA5A995006404A7 /* Sources */ = {
			isa = PBXSourcesBuildPhase;
			buildActionMask = 2147483647;
			files = (
			);
			runOnlyForDeploymentPostprocessing = 0;
		};
/* End PBXSourcesBuildPhase section */

/* Begin PBXTargetDependency section */
		6FAB0EC62E1067B300D3B9C4 /* PBXTargetDependency */ = {
			isa = PBXTargetDependency;
			target = 6FAB0EAA2E1067B100D3B9C4 /* LanguageMirror */;
			targetProxy = 6FAB0EC52E1067B300D3B9C4 /* PBXContainerItemProxy */;
		};
		6FAB0ED02E1067B300D3B9C4 /* PBXTargetDependency */ = {
			isa = PBXTargetDependency;
			target = 6FAB0EAA2E1067B100D3B9C4 /* LanguageMirror */;
			targetProxy = 6FAB0ECF2E1067B300D3B9C4 /* PBXContainerItemProxy */;
		};
		6FF6299A2EA5A995006404A7 /* PBXTargetDependency */ = {
			isa = PBXTargetDependency;
			target = 6FF629902EA5A995006404A7 /* LanguageMirrorShare */;
			targetProxy = 6FF629992EA5A995006404A7 /* PBXContainerItemProxy */;
		};
/* End PBXTargetDependency section */

/* Begin XCBuildConfiguration section */
		6FAB0ED82E1067B300D3B9C4 /* Debug */ = {
			isa = XCBuildConfiguration;
			buildSettings = {
				ASSETCATALOG_COMPILER_APPICON_NAME = AppIcon;
				ASSETCATALOG_COMPILER_GLOBAL_ACCENT_COLOR_NAME = AccentColor;
				CODE_SIGN_ENTITLEMENTS = LanguageMirror/LanguageMirror.entitlements;
				CODE_SIGN_STYLE = Automatic;
				CURRENT_PROJECT_VERSION = 1;
				DEVELOPMENT_TEAM = L8695SQ572;
				GENERATE_INFOPLIST_FILE = YES;
				INFOPLIST_FILE = LanguageMirror/Info.plist;
				INFOPLIST_KEY_CFBundleDisplayName = "Language Mirror";
				INFOPLIST_KEY_LSApplicationCategoryType = "public.app-category.education";
				INFOPLIST_KEY_UIApplicationSupportsIndirectInputEvents = YES;
				INFOPLIST_KEY_UILaunchStoryboardName = LaunchScreen;
				INFOPLIST_KEY_UIMainStoryboardFile = Main;
				INFOPLIST_KEY_UISupportedInterfaceOrientations = UIInterfaceOrientationPortrait;
				IPHONEOS_DEPLOYMENT_TARGET = 18.6;
				LD_RUNPATH_SEARCH_PATHS = (
					"$(inherited)",
					"@executable_path/Frameworks",
				);
				MARKETING_VERSION = 1.0;
				PRODUCT_BUNDLE_IDENTIFIER = com.sixwandsstudios.LanguageMirror;
				PRODUCT_NAME = "$(TARGET_NAME)";
				SWIFT_EMIT_LOC_STRINGS = YES;
				SWIFT_VERSION = 5.0;
				TARGETED_DEVICE_FAMILY = "1,2";
			};
			name = Debug;
		};
		6FAB0ED92E1067B300D3B9C4 /* Release */ = {
			isa = XCBuildConfiguration;
			buildSettings = {
				ASSETCATALOG_COMPILER_APPICON_NAME = AppIcon;
				ASSETCATALOG_COMPILER_GLOBAL_ACCENT_COLOR_NAME = AccentColor;
				CODE_SIGN_ENTITLEMENTS = LanguageMirror/LanguageMirror.entitlements;
				CODE_SIGN_STYLE = Automatic;
				CURRENT_PROJECT_VERSION = 1;
				DEVELOPMENT_TEAM = L8695SQ572;
				GENERATE_INFOPLIST_FILE = YES;
				INFOPLIST_FILE = LanguageMirror/Info.plist;
				INFOPLIST_KEY_CFBundleDisplayName = "Language Mirror";
				INFOPLIST_KEY_LSApplicationCategoryType = "public.app-category.education";
				INFOPLIST_KEY_UIApplicationSupportsIndirectInputEvents = YES;
				INFOPLIST_KEY_UILaunchStoryboardName = LaunchScreen;
				INFOPLIST_KEY_UIMainStoryboardFile = Main;
				INFOPLIST_KEY_UISupportedInterfaceOrientations = UIInterfaceOrientationPortrait;
				IPHONEOS_DEPLOYMENT_TARGET = 18.6;
				LD_RUNPATH_SEARCH_PATHS = (
					"$(inherited)",
					"@executable_path/Frameworks",
				);
				MARKETING_VERSION = 1.0;
				PRODUCT_BUNDLE_IDENTIFIER = com.sixwandsstudios.LanguageMirror;
				PRODUCT_NAME = "$(TARGET_NAME)";
				SWIFT_EMIT_LOC_STRINGS = YES;
				SWIFT_VERSION = 5.0;
				TARGETED_DEVICE_FAMILY = "1,2";
			};
			name = Release;
		};
		6FAB0EDA2E1067B300D3B9C4 /* Debug */ = {
			isa = XCBuildConfiguration;
			buildSettings = {
				ALWAYS_SEARCH_USER_PATHS = NO;
				ASSETCATALOG_COMPILER_GENERATE_SWIFT_ASSET_SYMBOL_EXTENSIONS = YES;
				CLANG_ANALYZER_NONNULL = YES;
				CLANG_ANALYZER_NUMBER_OBJECT_CONVERSION = YES_AGGRESSIVE;
				CLANG_CXX_LANGUAGE_STANDARD = "gnu++20";
				CLANG_ENABLE_MODULES = YES;
				CLANG_ENABLE_OBJC_ARC = YES;
				CLANG_ENABLE_OBJC_WEAK = YES;
				CLANG_WARN_BLOCK_CAPTURE_AUTORELEASING = YES;
				CLANG_WARN_BOOL_CONVERSION = YES;
				CLANG_WARN_COMMA = YES;
				CLANG_WARN_CONSTANT_CONVERSION = YES;
				CLANG_WARN_DEPRECATED_OBJC_IMPLEMENTATIONS = YES;
				CLANG_WARN_DIRECT_OBJC_ISA_USAGE = YES_ERROR;
				CLANG_WARN_DOCUMENTATION_COMMENTS = YES;
				CLANG_WARN_EMPTY_BODY = YES;
				CLANG_WARN_ENUM_CONVERSION = YES;
				CLANG_WARN_INFINITE_RECURSION = YES;
				CLANG_WARN_INT_CONVERSION = YES;
				CLANG_WARN_NON_LITERAL_NULL_CONVERSION = YES;
				CLANG_WARN_OBJC_IMPLICIT_RETAIN_SELF = YES;
				CLANG_WARN_OBJC_LITERAL_CONVERSION = YES;
				CLANG_WARN_OBJC_ROOT_CLASS = YES_ERROR;
				CLANG_WARN_QUOTED_INCLUDE_IN_FRAMEWORK_HEADER = YES;
				CLANG_WARN_RANGE_LOOP_ANALYSIS = YES;
				CLANG_WARN_STRICT_PROTOTYPES = YES;
				CLANG_WARN_SUSPICIOUS_MOVE = YES;
				CLANG_WARN_UNGUARDED_AVAILABILITY = YES_AGGRESSIVE;
				CLANG_WARN_UNREACHABLE_CODE = YES;
				CLANG_WARN__DUPLICATE_METHOD_MATCH = YES;
				COPY_PHASE_STRIP = NO;
				DEBUG_INFORMATION_FORMAT = dwarf;
				DEVELOPMENT_TEAM = L8695SQ572;
				ENABLE_STRICT_OBJC_MSGSEND = YES;
				ENABLE_TESTABILITY = YES;
				ENABLE_USER_SCRIPT_SANDBOXING = YES;
				GCC_C_LANGUAGE_STANDARD = gnu17;
				GCC_DYNAMIC_NO_PIC = NO;
				GCC_NO_COMMON_BLOCKS = YES;
				GCC_OPTIMIZATION_LEVEL = 0;
				GCC_PREPROCESSOR_DEFINITIONS = (
					"DEBUG=1",
					"$(inherited)",
				);
				GCC_WARN_64_TO_32_BIT_CONVERSION = YES;
				GCC_WARN_ABOUT_RETURN_TYPE = YES_ERROR;
				GCC_WARN_UNDECLARED_SELECTOR = YES;
				GCC_WARN_UNINITIALIZED_AUTOS = YES_AGGRESSIVE;
				GCC_WARN_UNUSED_FUNCTION = YES;
				GCC_WARN_UNUSED_VARIABLE = YES;
				IPHONEOS_DEPLOYMENT_TARGET = 18.5;
				LOCALIZATION_PREFERS_STRING_CATALOGS = YES;
				MTL_ENABLE_DEBUG_INFO = INCLUDE_SOURCE;
				MTL_FAST_MATH = YES;
				ONLY_ACTIVE_ARCH = YES;
				SDKROOT = iphoneos;
				STRING_CATALOG_GENERATE_SYMBOLS = YES;
				SWIFT_ACTIVE_COMPILATION_CONDITIONS = "DEBUG $(inherited)";
				SWIFT_OPTIMIZATION_LEVEL = "-Onone";
			};
			name = Debug;
		};
		6FAB0EDB2E1067B300D3B9C4 /* Release */ = {
			isa = XCBuildConfiguration;
			buildSettings = {
				ALWAYS_SEARCH_USER_PATHS = NO;
				ASSETCATALOG_COMPILER_GENERATE_SWIFT_ASSET_SYMBOL_EXTENSIONS = YES;
				CLANG_ANALYZER_NONNULL = YES;
				CLANG_ANALYZER_NUMBER_OBJECT_CONVERSION = YES_AGGRESSIVE;
				CLANG_CXX_LANGUAGE_STANDARD = "gnu++20";
				CLANG_ENABLE_MODULES = YES;
				CLANG_ENABLE_OBJC_ARC = YES;
				CLANG_ENABLE_OBJC_WEAK = YES;
				CLANG_WARN_BLOCK_CAPTURE_AUTORELEASING = YES;
				CLANG_WARN_BOOL_CONVERSION = YES;
				CLANG_WARN_COMMA = YES;
				CLANG_WARN_CONSTANT_CONVERSION = YES;
				CLANG_WARN_DEPRECATED_OBJC_IMPLEMENTATIONS = YES;
				CLANG_WARN_DIRECT_OBJC_ISA_USAGE = YES_ERROR;
				CLANG_WARN_DOCUMENTATION_COMMENTS = YES;
				CLANG_WARN_EMPTY_BODY = YES;
				CLANG_WARN_ENUM_CONVERSION = YES;
				CLANG_WARN_INFINITE_RECURSION = YES;
				CLANG_WARN_INT_CONVERSION = YES;
				CLANG_WARN_NON_LITERAL_NULL_CONVERSION = YES;
				CLANG_WARN_OBJC_IMPLICIT_RETAIN_SELF = YES;
				CLANG_WARN_OBJC_LITERAL_CONVERSION = YES;
				CLANG_WARN_OBJC_ROOT_CLASS = YES_ERROR;
				CLANG_WARN_QUOTED_INCLUDE_IN_FRAMEWORK_HEADER = YES;
				CLANG_WARN_RANGE_LOOP_ANALYSIS = YES;
				CLANG_WARN_STRICT_PROTOTYPES = YES;
				CLANG_WARN_SUSPICIOUS_MOVE = YES;
				CLANG_WARN_UNGUARDED_AVAILABILITY = YES_AGGRESSIVE;
				CLANG_WARN_UNREACHABLE_CODE = YES;
				CLANG_WARN__DUPLICATE_METHOD_MATCH = YES;
				COPY_PHASE_STRIP = NO;
				DEBUG_INFORMATION_FORMAT = "dwarf-with-dsym";
				DEVELOPMENT_TEAM = L8695SQ572;
				ENABLE_NS_ASSERTIONS = NO;
				ENABLE_STRICT_OBJC_MSGSEND = YES;
				ENABLE_USER_SCRIPT_SANDBOXING = YES;
				GCC_C_LANGUAGE_STANDARD = gnu17;
				GCC_NO_COMMON_BLOCKS = YES;
				GCC_WARN_64_TO_32_BIT_CONVERSION = YES;
				GCC_WARN_ABOUT_RETURN_TYPE = YES_ERROR;
				GCC_WARN_UNDECLARED_SELECTOR = YES;
				GCC_WARN_UNINITIALIZED_AUTOS = YES_AGGRESSIVE;
				GCC_WARN_UNUSED_FUNCTION = YES;
				GCC_WARN_UNUSED_VARIABLE = YES;
				IPHONEOS_DEPLOYMENT_TARGET = 18.5;
				LOCALIZATION_PREFERS_STRING_CATALOGS = YES;
				MTL_ENABLE_DEBUG_INFO = NO;
				MTL_FAST_MATH = YES;
				SDKROOT = iphoneos;
				STRING_CATALOG_GENERATE_SYMBOLS = YES;
				SWIFT_COMPILATION_MODE = wholemodule;
				VALIDATE_PRODUCT = YES;
			};
			name = Release;
		};
		6FAB0EDD2E1067B300D3B9C4 /* Debug */ = {
			isa = XCBuildConfiguration;
			buildSettings = {
				BUNDLE_LOADER = "$(TEST_HOST)";
				CODE_SIGN_STYLE = Automatic;
				CURRENT_PROJECT_VERSION = 1;
				DEVELOPMENT_TEAM = L8695SQ572;
				GENERATE_INFOPLIST_FILE = YES;
				IPHONEOS_DEPLOYMENT_TARGET = 18.5;
				MARKETING_VERSION = 1.0;
				PRODUCT_BUNDLE_IDENTIFIER = com.sixwandsstudios.LanguageMirrorTests;
				PRODUCT_NAME = "$(TARGET_NAME)";
				SWIFT_EMIT_LOC_STRINGS = NO;
				SWIFT_VERSION = 5.0;
				TARGETED_DEVICE_FAMILY = "1,2";
				TEST_HOST = "$(BUILT_PRODUCTS_DIR)/LanguageMirror.app/$(BUNDLE_EXECUTABLE_FOLDER_PATH)/LanguageMirror";
			};
			name = Debug;
		};
		6FAB0EDE2E1067B300D3B9C4 /* Release */ = {
			isa = XCBuildConfiguration;
			buildSettings = {
				BUNDLE_LOADER = "$(TEST_HOST)";
				CODE_SIGN_STYLE = Automatic;
				CURRENT_PROJECT_VERSION = 1;
				DEVELOPMENT_TEAM = L8695SQ572;
				GENERATE_INFOPLIST_FILE = YES;
				IPHONEOS_DEPLOYMENT_TARGET = 18.5;
				MARKETING_VERSION = 1.0;
				PRODUCT_BUNDLE_IDENTIFIER = com.sixwandsstudios.LanguageMirrorTests;
				PRODUCT_NAME = "$(TARGET_NAME)";
				SWIFT_EMIT_LOC_STRINGS = NO;
				SWIFT_VERSION = 5.0;
				TARGETED_DEVICE_FAMILY = "1,2";
				TEST_HOST = "$(BUILT_PRODUCTS_DIR)/LanguageMirror.app/$(BUNDLE_EXECUTABLE_FOLDER_PATH)/LanguageMirror";
			};
			name = Release;
		};
		6FAB0EE02E1067B300D3B9C4 /* Debug */ = {
			isa = XCBuildConfiguration;
			buildSettings = {
				CODE_SIGN_STYLE = Automatic;
				CURRENT_PROJECT_VERSION = 1;
				DEVELOPMENT_TEAM = L8695SQ572;
				GENERATE_INFOPLIST_FILE = YES;
				MARKETING_VERSION = 1.0;
				PRODUCT_BUNDLE_IDENTIFIER = com.sixwandsstudios.LanguageMirrorUITests;
				PRODUCT_NAME = "$(TARGET_NAME)";
				SWIFT_EMIT_LOC_STRINGS = NO;
				SWIFT_VERSION = 5.0;
				TARGETED_DEVICE_FAMILY = "1,2";
				TEST_TARGET_NAME = LanguageMirror;
			};
			name = Debug;
		};
		6FAB0EE12E1067B300D3B9C4 /* Release */ = {
			isa = XCBuildConfiguration;
			buildSettings = {
				CODE_SIGN_STYLE = Automatic;
				CURRENT_PROJECT_VERSION = 1;
				DEVELOPMENT_TEAM = L8695SQ572;
				GENERATE_INFOPLIST_FILE = YES;
				MARKETING_VERSION = 1.0;
				PRODUCT_BUNDLE_IDENTIFIER = com.sixwandsstudios.LanguageMirrorUITests;
				PRODUCT_NAME = "$(TARGET_NAME)";
				SWIFT_EMIT_LOC_STRINGS = NO;
				SWIFT_VERSION = 5.0;
				TARGETED_DEVICE_FAMILY = "1,2";
				TEST_TARGET_NAME = LanguageMirror;
			};
			name = Release;
		};
		6FF6299E2EA5A995006404A7 /* Debug */ = {
			isa = XCBuildConfiguration;
			buildSettings = {
				CODE_SIGN_ENTITLEMENTS = LanguageMirrorShare/LanguageMirrorShare.entitlements;
				CODE_SIGN_STYLE = Automatic;
				CURRENT_PROJECT_VERSION = 1;
				DEVELOPMENT_TEAM = L8695SQ572;
				GENERATE_INFOPLIST_FILE = YES;
				INFOPLIST_FILE = "LanguageMirror/2025-09-13/ShareExtension/Info.plist";
				INFOPLIST_KEY_CFBundleDisplayName = LanguageMirrorShare;
				INFOPLIST_KEY_NSHumanReadableCopyright = "";
				IPHONEOS_DEPLOYMENT_TARGET = 18.6;
				LD_RUNPATH_SEARCH_PATHS = (
					"$(inherited)",
					"@executable_path/Frameworks",
					"@executable_path/../../Frameworks",
				);
				MARKETING_VERSION = 1.0;
				PRODUCT_BUNDLE_IDENTIFIER = com.sixwandsstudios.LanguageMirror.LanguageMirrorShare;
				PRODUCT_NAME = "$(TARGET_NAME)";
				SKIP_INSTALL = YES;
				STRING_CATALOG_GENERATE_SYMBOLS = YES;
				SWIFT_APPROACHABLE_CONCURRENCY = YES;
				SWIFT_EMIT_LOC_STRINGS = YES;
				SWIFT_UPCOMING_FEATURE_MEMBER_IMPORT_VISIBILITY = YES;
				SWIFT_VERSION = 5.0;
				TARGETED_DEVICE_FAMILY = "1,2";
			};
			name = Debug;
		};
		6FF6299F2EA5A995006404A7 /* Release */ = {
			isa = XCBuildConfiguration;
			buildSettings = {
				CODE_SIGN_ENTITLEMENTS = LanguageMirrorShare/LanguageMirrorShare.entitlements;
				CODE_SIGN_STYLE = Automatic;
				CURRENT_PROJECT_VERSION = 1;
				DEVELOPMENT_TEAM = L8695SQ572;
				GENERATE_INFOPLIST_FILE = YES;
				INFOPLIST_FILE = "LanguageMirror/2025-09-13/ShareExtension/Info.plist";
				INFOPLIST_KEY_CFBundleDisplayName = LanguageMirrorShare;
				INFOPLIST_KEY_NSHumanReadableCopyright = "";
				IPHONEOS_DEPLOYMENT_TARGET = 18.6;
				LD_RUNPATH_SEARCH_PATHS = (
					"$(inherited)",
					"@executable_path/Frameworks",
					"@executable_path/../../Frameworks",
				);
				MARKETING_VERSION = 1.0;
				PRODUCT_BUNDLE_IDENTIFIER = com.sixwandsstudios.LanguageMirror.LanguageMirrorShare;
				PRODUCT_NAME = "$(TARGET_NAME)";
				SKIP_INSTALL = YES;
				STRING_CATALOG_GENERATE_SYMBOLS = YES;
				SWIFT_APPROACHABLE_CONCURRENCY = YES;
				SWIFT_EMIT_LOC_STRINGS = YES;
				SWIFT_UPCOMING_FEATURE_MEMBER_IMPORT_VISIBILITY = YES;
				SWIFT_VERSION = 5.0;
				TARGETED_DEVICE_FAMILY = "1,2";
			};
			name = Release;
		};
/* End XCBuildConfiguration section */

/* Begin XCConfigurationList section */
		6FAB0EA62E1067B100D3B9C4 /* Build configuration list for PBXProject "LanguageMirror" */ = {
			isa = XCConfigurationList;
			buildConfigurations = (
				6FAB0EDA2E1067B300D3B9C4 /* Debug */,
				6FAB0EDB2E1067B300D3B9C4 /* Release */,
			);
			defaultConfigurationIsVisible = 0;
			defaultConfigurationName = Release;
		};
		6FAB0ED72E1067B300D3B9C4 /* Build configuration list for PBXNativeTarget "LanguageMirror" */ = {
			isa = XCConfigurationList;
			buildConfigurations = (
				6FAB0ED82E1067B300D3B9C4 /* Debug */,
				6FAB0ED92E1067B300D3B9C4 /* Release */,
			);
			defaultConfigurationIsVisible = 0;
			defaultConfigurationName = Release;
		};
		6FAB0EDC2E1067B300D3B9C4 /* Build configuration list for PBXNativeTarget "LanguageMirrorTests" */ = {
			isa = XCConfigurationList;
			buildConfigurations = (
				6FAB0EDD2E1067B300D3B9C4 /* Debug */,
				6FAB0EDE2E1067B300D3B9C4 /* Release */,
			);
			defaultConfigurationIsVisible = 0;
			defaultConfigurationName = Release;
		};
		6FAB0EDF2E1067B300D3B9C4 /* Build configuration list for PBXNativeTarget "LanguageMirrorUITests" */ = {
			isa = XCConfigurationList;
			buildConfigurations = (
				6FAB0EE02E1067B300D3B9C4 /* Debug */,
				6FAB0EE12E1067B300D3B9C4 /* Release */,
			);
			defaultConfigurationIsVisible = 0;
			defaultConfigurationName = Release;
		};
		6FF6299D2EA5A995006404A7 /* Build configuration list for PBXNativeTarget "LanguageMirrorShare" */ = {
			isa = XCConfigurationList;
			buildConfigurations = (
				6FF6299E2EA5A995006404A7 /* Debug */,
				6FF6299F2EA5A995006404A7 /* Release */,
			);
			defaultConfigurationIsVisible = 0;
			defaultConfigurationName = Release;
		};
/* End XCConfigurationList section */
	};
	rootObject = 6FAB0EA32E1067B100D3B9C4 /* Project object */;
}
